// !$*UTF8*$!
{
	archiveVersion = 1;
	classes = {
	};
	objectVersion = 56;
	objects = {

/* Begin PBXBuildFile section */
		74CC57E829D774F2006BF9B7 /* SocialMediaApp.swift in Sources */ = {isa = PBXBuildFile; fileRef = 74CC57E729D774F2006BF9B7 /* SocialMediaApp.swift */; };
		74CC57EC29D774F5006BF9B7 /* Assets.xcassets in Resources */ = {isa = PBXBuildFile; fileRef = 74CC57EB29D774F5006BF9B7 /* Assets.xcassets */; };
		74CC57EF29D774F5006BF9B7 /* Preview Assets.xcassets in Resources */ = {isa = PBXBuildFile; fileRef = 74CC57EE29D774F5006BF9B7 /* Preview Assets.xcassets */; };
		74CC57F929D774F5006BF9B7 /* SocialMediaTests.swift in Sources */ = {isa = PBXBuildFile; fileRef = 74CC57F829D774F5006BF9B7 /* SocialMediaTests.swift */; };
		74CC580329D774F5006BF9B7 /* SocialMediaUITests.swift in Sources */ = {isa = PBXBuildFile; fileRef = 74CC580229D774F5006BF9B7 /* SocialMediaUITests.swift */; };
		74CC580529D774F5006BF9B7 /* SocialMediaUITestsLaunchTests.swift in Sources */ = {isa = PBXBuildFile; fileRef = 74CC580429D774F5006BF9B7 /* SocialMediaUITestsLaunchTests.swift */; };
		74CC581329D77788006BF9B7 /* PostsList.swift in Sources */ = {isa = PBXBuildFile; fileRef = 74CC581229D77788006BF9B7 /* PostsList.swift */; };
		74CC581729D78B87006BF9B7 /* RemotePostsLoader.swift in Sources */ = {isa = PBXBuildFile; fileRef = 74CC581629D78B87006BF9B7 /* RemotePostsLoader.swift */; };
		74CC581A29D78BA1006BF9B7 /* User.swift in Sources */ = {isa = PBXBuildFile; fileRef = 74CC581929D78BA1006BF9B7 /* User.swift */; };
		74CC581C29D78BAC006BF9B7 /* Post.swift in Sources */ = {isa = PBXBuildFile; fileRef = 74CC581B29D78BAC006BF9B7 /* Post.swift */; };
/* End PBXBuildFile section */

/* Begin PBXContainerItemProxy section */
		74CC57F529D774F5006BF9B7 /* PBXContainerItemProxy */ = {
			isa = PBXContainerItemProxy;
			containerPortal = 74CC57DC29D774F2006BF9B7 /* Project object */;
			proxyType = 1;
			remoteGlobalIDString = 74CC57E329D774F2006BF9B7;
			remoteInfo = SocialMedia;
		};
		74CC57FF29D774F5006BF9B7 /* PBXContainerItemProxy */ = {
			isa = PBXContainerItemProxy;
			containerPortal = 74CC57DC29D774F2006BF9B7 /* Project object */;
			proxyType = 1;
			remoteGlobalIDString = 74CC57E329D774F2006BF9B7;
			remoteInfo = SocialMedia;
		};
/* End PBXContainerItemProxy section */

/* Begin PBXFileReference section */
		74CC57E429D774F2006BF9B7 /* SocialMedia.app */ = {isa = PBXFileReference; explicitFileType = wrapper.application; includeInIndex = 0; path = SocialMedia.app; sourceTree = BUILT_PRODUCTS_DIR; };
		74CC57E729D774F2006BF9B7 /* SocialMediaApp.swift */ = {isa = PBXFileReference; lastKnownFileType = sourcecode.swift; path = SocialMediaApp.swift; sourceTree = "<group>"; };
		74CC57EB29D774F5006BF9B7 /* Assets.xcassets */ = {isa = PBXFileReference; lastKnownFileType = folder.assetcatalog; path = Assets.xcassets; sourceTree = "<group>"; };
		74CC57EE29D774F5006BF9B7 /* Preview Assets.xcassets */ = {isa = PBXFileReference; lastKnownFileType = folder.assetcatalog; path = "Preview Assets.xcassets"; sourceTree = "<group>"; };
		74CC57F429D774F5006BF9B7 /* SocialMediaTests.xctest */ = {isa = PBXFileReference; explicitFileType = wrapper.cfbundle; includeInIndex = 0; path = SocialMediaTests.xctest; sourceTree = BUILT_PRODUCTS_DIR; };
		74CC57F829D774F5006BF9B7 /* SocialMediaTests.swift */ = {isa = PBXFileReference; lastKnownFileType = sourcecode.swift; path = SocialMediaTests.swift; sourceTree = "<group>"; };
		74CC57FE29D774F5006BF9B7 /* SocialMediaUITests.xctest */ = {isa = PBXFileReference; explicitFileType = wrapper.cfbundle; includeInIndex = 0; path = SocialMediaUITests.xctest; sourceTree = BUILT_PRODUCTS_DIR; };
		74CC580229D774F5006BF9B7 /* SocialMediaUITests.swift */ = {isa = PBXFileReference; lastKnownFileType = sourcecode.swift; path = SocialMediaUITests.swift; sourceTree = "<group>"; };
		74CC580429D774F5006BF9B7 /* SocialMediaUITestsLaunchTests.swift */ = {isa = PBXFileReference; lastKnownFileType = sourcecode.swift; path = SocialMediaUITestsLaunchTests.swift; sourceTree = "<group>"; };
		74CC581229D77788006BF9B7 /* PostsList.swift */ = {isa = PBXFileReference; lastKnownFileType = sourcecode.swift; path = PostsList.swift; sourceTree = "<group>"; };
		74CC581629D78B87006BF9B7 /* RemotePostsLoader.swift */ = {isa = PBXFileReference; lastKnownFileType = sourcecode.swift; path = RemotePostsLoader.swift; sourceTree = "<group>"; };
		74CC581929D78BA1006BF9B7 /* User.swift */ = {isa = PBXFileReference; lastKnownFileType = sourcecode.swift; path = User.swift; sourceTree = "<group>"; };
		74CC581B29D78BAC006BF9B7 /* Post.swift */ = {isa = PBXFileReference; lastKnownFileType = sourcecode.swift; path = Post.swift; sourceTree = "<group>"; };
/* End PBXFileReference section */

/* Begin PBXFrameworksBuildPhase section */
		74CC57E129D774F2006BF9B7 /* Frameworks */ = {
			isa = PBXFrameworksBuildPhase;
			buildActionMask = 2147483647;
			files = (
			);
			runOnlyForDeploymentPostprocessing = 0;
		};
		74CC57F129D774F5006BF9B7 /* Frameworks */ = {
			isa = PBXFrameworksBuildPhase;
			buildActionMask = 2147483647;
			files = (
			);
			runOnlyForDeploymentPostprocessing = 0;
		};
		74CC57FB29D774F5006BF9B7 /* Frameworks */ = {
			isa = PBXFrameworksBuildPhase;
			buildActionMask = 2147483647;
			files = (
			);
			runOnlyForDeploymentPostprocessing = 0;
		};
/* End PBXFrameworksBuildPhase section */

/* Begin PBXGroup section */
		74CC57DB29D774F2006BF9B7 = {
			isa = PBXGroup;
			children = (
				74CC57E629D774F2006BF9B7 /* SocialMedia */,
				74CC57F729D774F5006BF9B7 /* SocialMediaTests */,
				74CC580129D774F5006BF9B7 /* SocialMediaUITests */,
				74CC57E529D774F2006BF9B7 /* Products */,
			);
			sourceTree = "<group>";
		};
		74CC57E529D774F2006BF9B7 /* Products */ = {
			isa = PBXGroup;
			children = (
				74CC57E429D774F2006BF9B7 /* SocialMedia.app */,
				74CC57F429D774F5006BF9B7 /* SocialMediaTests.xctest */,
				74CC57FE29D774F5006BF9B7 /* SocialMediaUITests.xctest */,
			);
			name = Products;
			sourceTree = "<group>";
		};
		74CC57E629D774F2006BF9B7 /* SocialMedia */ = {
			isa = PBXGroup;
			children = (
				74CC581829D78B94006BF9B7 /* Models */,
				74CC581529D78B3A006BF9B7 /* Network */,
				74CC581129D77767006BF9B7 /* UI */,
				74CC57E729D774F2006BF9B7 /* SocialMediaApp.swift */,
				74CC57EB29D774F5006BF9B7 /* Assets.xcassets */,
				74CC57ED29D774F5006BF9B7 /* Preview Content */,
			);
			path = SocialMedia;
			sourceTree = "<group>";
		};
		74CC57ED29D774F5006BF9B7 /* Preview Content */ = {
			isa = PBXGroup;
			children = (
				74CC57EE29D774F5006BF9B7 /* Preview Assets.xcassets */,
			);
			path = "Preview Content";
			sourceTree = "<group>";
		};
		74CC57F729D774F5006BF9B7 /* SocialMediaTests */ = {
			isa = PBXGroup;
			children = (
				74CC57F829D774F5006BF9B7 /* SocialMediaTests.swift */,
			);
			path = SocialMediaTests;
			sourceTree = "<group>";
		};
		74CC580129D774F5006BF9B7 /* SocialMediaUITests */ = {
			isa = PBXGroup;
			children = (
				74CC580229D774F5006BF9B7 /* SocialMediaUITests.swift */,
				74CC580429D774F5006BF9B7 /* SocialMediaUITestsLaunchTests.swift */,
			);
			path = SocialMediaUITests;
			sourceTree = "<group>";
		};
		74CC581129D77767006BF9B7 /* UI */ = {
			isa = PBXGroup;
			children = (
				74CC581229D77788006BF9B7 /* PostsList.swift */,
			);
			path = UI;
			sourceTree = "<group>";
		};
		74CC581529D78B3A006BF9B7 /* Network */ = {
			isa = PBXGroup;
			children = (
				74CC581629D78B87006BF9B7 /* RemotePostsLoader.swift */,
			);
			path = Network;
			sourceTree = "<group>";
		};
		74CC581829D78B94006BF9B7 /* Models */ = {
			isa = PBXGroup;
			children = (
				74CC581929D78BA1006BF9B7 /* User.swift */,
				74CC581B29D78BAC006BF9B7 /* Post.swift */,
			);
			path = Models;
			sourceTree = "<group>";
		};
/* End PBXGroup section */

/* Begin PBXNativeTarget section */
		74CC57E329D774F2006BF9B7 /* SocialMedia */ = {
			isa = PBXNativeTarget;
			buildConfigurationList = 74CC580829D774F6006BF9B7 /* Build configuration list for PBXNativeTarget "SocialMedia" */;
			buildPhases = (
				74CC57E029D774F2006BF9B7 /* Sources */,
				74CC57E129D774F2006BF9B7 /* Frameworks */,
				74CC57E229D774F2006BF9B7 /* Resources */,
			);
			buildRules = (
			);
			dependencies = (
			);
			name = SocialMedia;
			productName = SocialMedia;
			productReference = 74CC57E429D774F2006BF9B7 /* SocialMedia.app */;
			productType = "com.apple.product-type.application";
		};
		74CC57F329D774F5006BF9B7 /* SocialMediaTests */ = {
			isa = PBXNativeTarget;
			buildConfigurationList = 74CC580B29D774F6006BF9B7 /* Build configuration list for PBXNativeTarget "SocialMediaTests" */;
			buildPhases = (
				74CC57F029D774F5006BF9B7 /* Sources */,
				74CC57F129D774F5006BF9B7 /* Frameworks */,
				74CC57F229D774F5006BF9B7 /* Resources */,
			);
			buildRules = (
			);
			dependencies = (
				74CC57F629D774F5006BF9B7 /* PBXTargetDependency */,
			);
			name = SocialMediaTests;
			productName = SocialMediaTests;
			productReference = 74CC57F429D774F5006BF9B7 /* SocialMediaTests.xctest */;
			productType = "com.apple.product-type.bundle.unit-test";
		};
		74CC57FD29D774F5006BF9B7 /* SocialMediaUITests */ = {
			isa = PBXNativeTarget;
			buildConfigurationList = 74CC580E29D774F6006BF9B7 /* Build configuration list for PBXNativeTarget "SocialMediaUITests" */;
			buildPhases = (
				74CC57FA29D774F5006BF9B7 /* Sources */,
				74CC57FB29D774F5006BF9B7 /* Frameworks */,
				74CC57FC29D774F5006BF9B7 /* Resources */,
			);
			buildRules = (
			);
			dependencies = (
				74CC580029D774F5006BF9B7 /* PBXTargetDependency */,
			);
			name = SocialMediaUITests;
			productName = SocialMediaUITests;
			productReference = 74CC57FE29D774F5006BF9B7 /* SocialMediaUITests.xctest */;
			productType = "com.apple.product-type.bundle.ui-testing";
		};
/* End PBXNativeTarget section */

/* Begin PBXProject section */
		74CC57DC29D774F2006BF9B7 /* Project object */ = {
			isa = PBXProject;
			attributes = {
				BuildIndependentTargetsInParallel = 1;
				LastSwiftUpdateCheck = 1420;
				LastUpgradeCheck = 1420;
				TargetAttributes = {
					74CC57E329D774F2006BF9B7 = {
						CreatedOnToolsVersion = 14.2;
					};
					74CC57F329D774F5006BF9B7 = {
						CreatedOnToolsVersion = 14.2;
						TestTargetID = 74CC57E329D774F2006BF9B7;
					};
					74CC57FD29D774F5006BF9B7 = {
						CreatedOnToolsVersion = 14.2;
						TestTargetID = 74CC57E329D774F2006BF9B7;
					};
				};
			};
			buildConfigurationList = 74CC57DF29D774F2006BF9B7 /* Build configuration list for PBXProject "SocialMedia" */;
			compatibilityVersion = "Xcode 14.0";
			developmentRegion = en;
			hasScannedForEncodings = 0;
			knownRegions = (
				en,
				Base,
			);
			mainGroup = 74CC57DB29D774F2006BF9B7;
			productRefGroup = 74CC57E529D774F2006BF9B7 /* Products */;
			projectDirPath = "";
			projectRoot = "";
			targets = (
				74CC57E329D774F2006BF9B7 /* SocialMedia */,
				74CC57F329D774F5006BF9B7 /* SocialMediaTests */,
				74CC57FD29D774F5006BF9B7 /* SocialMediaUITests */,
			);
		};
/* End PBXProject section */

/* Begin PBXResourcesBuildPhase section */
		74CC57E229D774F2006BF9B7 /* Resources */ = {
			isa = PBXResourcesBuildPhase;
			buildActionMask = 2147483647;
			files = (
				74CC57EF29D774F5006BF9B7 /* Preview Assets.xcassets in Resources */,
				74CC57EC29D774F5006BF9B7 /* Assets.xcassets in Resources */,
			);
			runOnlyForDeploymentPostprocessing = 0;
		};
		74CC57F229D774F5006BF9B7 /* Resources */ = {
			isa = PBXResourcesBuildPhase;
			buildActionMask = 2147483647;
			files = (
			);
			runOnlyForDeploymentPostprocessing = 0;
		};
		74CC57FC29D774F5006BF9B7 /* Resources */ = {
			isa = PBXResourcesBuildPhase;
			buildActionMask = 2147483647;
			files = (
			);
			runOnlyForDeploymentPostprocessing = 0;
		};
/* End PBXResourcesBuildPhase section */

/* Begin PBXSourcesBuildPhase section */
		74CC57E029D774F2006BF9B7 /* Sources */ = {
			isa = PBXSourcesBuildPhase;
			buildActionMask = 2147483647;
			files = (
				74CC581A29D78BA1006BF9B7 /* User.swift in Sources */,
				74CC581329D77788006BF9B7 /* PostsList.swift in Sources */,
				74CC57E829D774F2006BF9B7 /* SocialMediaApp.swift in Sources */,
				74CC581729D78B87006BF9B7 /* RemotePostsLoader.swift in Sources */,
				74CC581C29D78BAC006BF9B7 /* Post.swift in Sources */,
			);
			runOnlyForDeploymentPostprocessing = 0;
		};
		74CC57F029D774F5006BF9B7 /* Sources */ = {
			isa = PBXSourcesBuildPhase;
			buildActionMask = 2147483647;
			files = (
				74CC57F929D774F5006BF9B7 /* SocialMediaTests.swift in Sources */,
			);
			runOnlyForDeploymentPostprocessing = 0;
		};
		74CC57FA29D774F5006BF9B7 /* Sources */ = {
			isa = PBXSourcesBuildPhase;
			buildActionMask = 2147483647;
			files = (
				74CC580529D774F5006BF9B7 /* SocialMediaUITestsLaunchTests.swift in Sources */,
				74CC580329D774F5006BF9B7 /* SocialMediaUITests.swift in Sources */,
			);
			runOnlyForDeploymentPostprocessing = 0;
		};
/* End PBXSourcesBuildPhase section */

/* Begin PBXTargetDependency section */
		74CC57F629D774F5006BF9B7 /* PBXTargetDependency */ = {
			isa = PBXTargetDependency;
			target = 74CC57E329D774F2006BF9B7 /* SocialMedia */;
			targetProxy = 74CC57F529D774F5006BF9B7 /* PBXContainerItemProxy */;
		};
		74CC580029D774F5006BF9B7 /* PBXTargetDependency */ = {
			isa = PBXTargetDependency;
			target = 74CC57E329D774F2006BF9B7 /* SocialMedia */;
			targetProxy = 74CC57FF29D774F5006BF9B7 /* PBXContainerItemProxy */;
		};
/* End PBXTargetDependency section */

/* Begin XCBuildConfiguration section */
		74CC580629D774F5006BF9B7 /* Debug */ = {
			isa = XCBuildConfiguration;
			buildSettings = {
				ALWAYS_SEARCH_USER_PATHS = NO;
				CLANG_ANALYZER_NONNULL = YES;
				CLANG_ANALYZER_NUMBER_OBJECT_CONVERSION = YES_AGGRESSIVE;
				CLANG_CXX_LANGUAGE_STANDARD = "gnu++20";
				CLANG_ENABLE_MODULES = YES;
				CLANG_ENABLE_OBJC_ARC = YES;
				CLANG_ENABLE_OBJC_WEAK = YES;
				CLANG_WARN_BLOCK_CAPTURE_AUTORELEASING = YES;
				CLANG_WARN_BOOL_CONVERSION = YES;
				CLANG_WARN_COMMA = YES;
				CLANG_WARN_CONSTANT_CONVERSION = YES;
				CLANG_WARN_DEPRECATED_OBJC_IMPLEMENTATIONS = YES;
				CLANG_WARN_DIRECT_OBJC_ISA_USAGE = YES_ERROR;
				CLANG_WARN_DOCUMENTATION_COMMENTS = YES;
				CLANG_WARN_EMPTY_BODY = YES;
				CLANG_WARN_ENUM_CONVERSION = YES;
				CLANG_WARN_INFINITE_RECURSION = YES;
				CLANG_WARN_INT_CONVERSION = YES;
				CLANG_WARN_NON_LITERAL_NULL_CONVERSION = YES;
				CLANG_WARN_OBJC_IMPLICIT_RETAIN_SELF = YES;
				CLANG_WARN_OBJC_LITERAL_CONVERSION = YES;
				CLANG_WARN_OBJC_ROOT_CLASS = YES_ERROR;
				CLANG_WARN_QUOTED_INCLUDE_IN_FRAMEWORK_HEADER = YES;
				CLANG_WARN_RANGE_LOOP_ANALYSIS = YES;
				CLANG_WARN_STRICT_PROTOTYPES = YES;
				CLANG_WARN_SUSPICIOUS_MOVE = YES;
				CLANG_WARN_UNGUARDED_AVAILABILITY = YES_AGGRESSIVE;
				CLANG_WARN_UNREACHABLE_CODE = YES;
				CLANG_WARN__DUPLICATE_METHOD_MATCH = YES;
				COPY_PHASE_STRIP = NO;
				DEBUG_INFORMATION_FORMAT = dwarf;
				ENABLE_STRICT_OBJC_MSGSEND = YES;
				ENABLE_TESTABILITY = YES;
				GCC_C_LANGUAGE_STANDARD = gnu11;
				GCC_DYNAMIC_NO_PIC = NO;
				GCC_NO_COMMON_BLOCKS = YES;
				GCC_OPTIMIZATION_LEVEL = 0;
				GCC_PREPROCESSOR_DEFINITIONS = (
					"DEBUG=1",
					"$(inherited)",
				);
				GCC_WARN_64_TO_32_BIT_CONVERSION = YES;
				GCC_WARN_ABOUT_RETURN_TYPE = YES_ERROR;
				GCC_WARN_UNDECLARED_SELECTOR = YES;
				GCC_WARN_UNINITIALIZED_AUTOS = YES_AGGRESSIVE;
				GCC_WARN_UNUSED_FUNCTION = YES;
				GCC_WARN_UNUSED_VARIABLE = YES;
				IPHONEOS_DEPLOYMENT_TARGET = 16.2;
				MTL_ENABLE_DEBUG_INFO = INCLUDE_SOURCE;
				MTL_FAST_MATH = YES;
				ONLY_ACTIVE_ARCH = YES;
				SDKROOT = iphoneos;
				SWIFT_ACTIVE_COMPILATION_CONDITIONS = DEBUG;
				SWIFT_OPTIMIZATION_LEVEL = "-Onone";
			};
			name = Debug;
		};
		74CC580729D774F5006BF9B7 /* Release */ = {
			isa = XCBuildConfiguration;
			buildSettings = {
				ALWAYS_SEARCH_USER_PATHS = NO;
				CLANG_ANALYZER_NONNULL = YES;
				CLANG_ANALYZER_NUMBER_OBJECT_CONVERSION = YES_AGGRESSIVE;
				CLANG_CXX_LANGUAGE_STANDARD = "gnu++20";
				CLANG_ENABLE_MODULES = YES;
				CLANG_ENABLE_OBJC_ARC = YES;
				CLANG_ENABLE_OBJC_WEAK = YES;
				CLANG_WARN_BLOCK_CAPTURE_AUTORELEASING = YES;
				CLANG_WARN_BOOL_CONVERSION = YES;
				CLANG_WARN_COMMA = YES;
				CLANG_WARN_CONSTANT_CONVERSION = YES;
				CLANG_WARN_DEPRECATED_OBJC_IMPLEMENTATIONS = YES;
				CLANG_WARN_DIRECT_OBJC_ISA_USAGE = YES_ERROR;
				CLANG_WARN_DOCUMENTATION_COMMENTS = YES;
				CLANG_WARN_EMPTY_BODY = YES;
				CLANG_WARN_ENUM_CONVERSION = YES;
				CLANG_WARN_INFINITE_RECURSION = YES;
				CLANG_WARN_INT_CONVERSION = YES;
				CLANG_WARN_NON_LITERAL_NULL_CONVERSION = YES;
				CLANG_WARN_OBJC_IMPLICIT_RETAIN_SELF = YES;
				CLANG_WARN_OBJC_LITERAL_CONVERSION = YES;
				CLANG_WARN_OBJC_ROOT_CLASS = YES_ERROR;
				CLANG_WARN_QUOTED_INCLUDE_IN_FRAMEWORK_HEADER = YES;
				CLANG_WARN_RANGE_LOOP_ANALYSIS = YES;
				CLANG_WARN_STRICT_PROTOTYPES = YES;
				CLANG_WARN_SUSPICIOUS_MOVE = YES;
				CLANG_WARN_UNGUARDED_AVAILABILITY = YES_AGGRESSIVE;
				CLANG_WARN_UNREACHABLE_CODE = YES;
				CLANG_WARN__DUPLICATE_METHOD_MATCH = YES;
				COPY_PHASE_STRIP = NO;
				DEBUG_INFORMATION_FORMAT = "dwarf-with-dsym";
				ENABLE_NS_ASSERTIONS = NO;
				ENABLE_STRICT_OBJC_MSGSEND = YES;
				GCC_C_LANGUAGE_STANDARD = gnu11;
				GCC_NO_COMMON_BLOCKS = YES;
				GCC_WARN_64_TO_32_BIT_CONVERSION = YES;
				GCC_WARN_ABOUT_RETURN_TYPE = YES_ERROR;
				GCC_WARN_UNDECLARED_SELECTOR = YES;
				GCC_WARN_UNINITIALIZED_AUTOS = YES_AGGRESSIVE;
				GCC_WARN_UNUSED_FUNCTION = YES;
				GCC_WARN_UNUSED_VARIABLE = YES;
				IPHONEOS_DEPLOYMENT_TARGET = 16.2;
				MTL_ENABLE_DEBUG_INFO = NO;
				MTL_FAST_MATH = YES;
				SDKROOT = iphoneos;
				SWIFT_COMPILATION_MODE = wholemodule;
				SWIFT_OPTIMIZATION_LEVEL = "-O";
				VALIDATE_PRODUCT = YES;
			};
			name = Release;
		};
		74CC580929D774F6006BF9B7 /* Debug */ = {
			isa = XCBuildConfiguration;
			buildSettings = {
				ASSETCATALOG_COMPILER_APPICON_NAME = AppIcon;
				ASSETCATALOG_COMPILER_GLOBAL_ACCENT_COLOR_NAME = AccentColor;
				CODE_SIGN_STYLE = Automatic;
				CURRENT_PROJECT_VERSION = 1;
				DEVELOPMENT_ASSET_PATHS = "\"SocialMedia/Preview Content\"";
				DEVELOPMENT_TEAM = PU625P2UW3;
				ENABLE_PREVIEWS = YES;
				GENERATE_INFOPLIST_FILE = YES;
				INFOPLIST_KEY_UIApplicationSceneManifest_Generation = YES;
				INFOPLIST_KEY_UIApplicationSupportsIndirectInputEvents = YES;
				INFOPLIST_KEY_UILaunchScreen_Generation = YES;
				INFOPLIST_KEY_UISupportedInterfaceOrientations_iPad = "UIInterfaceOrientationPortrait UIInterfaceOrientationPortraitUpsideDown UIInterfaceOrientationLandscapeLeft UIInterfaceOrientationLandscapeRight";
				INFOPLIST_KEY_UISupportedInterfaceOrientations_iPhone = "UIInterfaceOrientationPortrait UIInterfaceOrientationLandscapeLeft UIInterfaceOrientationLandscapeRight";
				LD_RUNPATH_SEARCH_PATHS = (
					"$(inherited)",
					"@executable_path/Frameworks",
				);
				MARKETING_VERSION = 1.0;
				PRODUCT_BUNDLE_IDENTIFIER = com.hferrari.SocialMedia;
				PRODUCT_NAME = "$(TARGET_NAME)";
				SWIFT_EMIT_LOC_STRINGS = YES;
				SWIFT_VERSION = 5.0;
				TARGETED_DEVICE_FAMILY = "1,2";
			};
			name = Debug;
		};
		74CC580A29D774F6006BF9B7 /* Release */ = {
			isa = XCBuildConfiguration;
			buildSettings = {
				ASSETCATALOG_COMPILER_APPICON_NAME = AppIcon;
				ASSETCATALOG_COMPILER_GLOBAL_ACCENT_COLOR_NAME = AccentColor;
				CODE_SIGN_STYLE = Automatic;
				CURRENT_PROJECT_VERSION = 1;
				DEVELOPMENT_ASSET_PATHS = "\"SocialMedia/Preview Content\"";
				DEVELOPMENT_TEAM = PU625P2UW3;
				ENABLE_PREVIEWS = YES;
				GENERATE_INFOPLIST_FILE = YES;
				INFOPLIST_KEY_UIApplicationSceneManifest_Generation = YES;
				INFOPLIST_KEY_UIApplicationSupportsIndirectInputEvents = YES;
				INFOPLIST_KEY_UILaunchScreen_Generation = YES;
				INFOPLIST_KEY_UISupportedInterfaceOrientations_iPad = "UIInterfaceOrientationPortrait UIInterfaceOrientationPortraitUpsideDown UIInterfaceOrientationLandscapeLeft UIInterfaceOrientationLandscapeRight";
				INFOPLIST_KEY_UISupportedInterfaceOrientations_iPhone = "UIInterfaceOrientationPortrait UIInterfaceOrientationLandscapeLeft UIInterfaceOrientationLandscapeRight";
				LD_RUNPATH_SEARCH_PATHS = (
					"$(inherited)",
					"@executable_path/Frameworks",
				);
				MARKETING_VERSION = 1.0;
				PRODUCT_BUNDLE_IDENTIFIER = com.hferrari.SocialMedia;
				PRODUCT_NAME = "$(TARGET_NAME)";
				SWIFT_EMIT_LOC_STRINGS = YES;
				SWIFT_VERSION = 5.0;
				TARGETED_DEVICE_FAMILY = "1,2";
			};
			name = Release;
		};
		74CC580C29D774F6006BF9B7 /* Debug */ = {
			isa = XCBuildConfiguration;
			buildSettings = {
				ALWAYS_EMBED_SWIFT_STANDARD_LIBRARIES = YES;
				BUNDLE_LOADER = "$(TEST_HOST)";
				CODE_SIGN_STYLE = Automatic;
				CURRENT_PROJECT_VERSION = 1;
				DEVELOPMENT_TEAM = PU625P2UW3;
				GENERATE_INFOPLIST_FILE = YES;
				IPHONEOS_DEPLOYMENT_TARGET = 16.2;
				MARKETING_VERSION = 1.0;
				PRODUCT_BUNDLE_IDENTIFIER = com.hferrari.SocialMediaTests;
				PRODUCT_NAME = "$(TARGET_NAME)";
				SWIFT_EMIT_LOC_STRINGS = NO;
				SWIFT_VERSION = 5.0;
				TARGETED_DEVICE_FAMILY = "1,2";
				TEST_HOST = "$(BUILT_PRODUCTS_DIR)/SocialMedia.app/$(BUNDLE_EXECUTABLE_FOLDER_PATH)/SocialMedia";
			};
			name = Debug;
		};
		74CC580D29D774F6006BF9B7 /* Release */ = {
			isa = XCBuildConfiguration;
			buildSettings = {
				ALWAYS_EMBED_SWIFT_STANDARD_LIBRARIES = YES;
				BUNDLE_LOADER = "$(TEST_HOST)";
				CODE_SIGN_STYLE = Automatic;
				CURRENT_PROJECT_VERSION = 1;
				DEVELOPMENT_TEAM = PU625P2UW3;
				GENERATE_INFOPLIST_FILE = YES;
				IPHONEOS_DEPLOYMENT_TARGET = 16.2;
				MARKETING_VERSION = 1.0;
				PRODUCT_BUNDLE_IDENTIFIER = com.hferrari.SocialMediaTests;
				PRODUCT_NAME = "$(TARGET_NAME)";
				SWIFT_EMIT_LOC_STRINGS = NO;
				SWIFT_VERSION = 5.0;
				TARGETED_DEVICE_FAMILY = "1,2";
				TEST_HOST = "$(BUILT_PRODUCTS_DIR)/SocialMedia.app/$(BUNDLE_EXECUTABLE_FOLDER_PATH)/SocialMedia";
			};
			name = Release;
		};
		74CC580F29D774F6006BF9B7 /* Debug */ = {
			isa = XCBuildConfiguration;
			buildSettings = {
				ALWAYS_EMBED_SWIFT_STANDARD_LIBRARIES = YES;
				CODE_SIGN_STYLE = Automatic;
				CURRENT_PROJECT_VERSION = 1;
				DEVELOPMENT_TEAM = PU625P2UW3;
				GENERATE_INFOPLIST_FILE = YES;
				MARKETING_VERSION = 1.0;
				PRODUCT_BUNDLE_IDENTIFIER = com.hferrari.SocialMediaUITests;
				PRODUCT_NAME = "$(TARGET_NAME)";
				SWIFT_EMIT_LOC_STRINGS = NO;
				SWIFT_VERSION = 5.0;
				TARGETED_DEVICE_FAMILY = "1,2";
				TEST_TARGET_NAME = SocialMedia;
			};
			name = Debug;
		};
		74CC581029D774F6006BF9B7 /* Release */ = {
			isa = XCBuildConfiguration;
			buildSettings = {
				ALWAYS_EMBED_SWIFT_STANDARD_LIBRARIES = YES;
				CODE_SIGN_STYLE = Automatic;
				CURRENT_PROJECT_VERSION = 1;
				DEVELOPMENT_TEAM = PU625P2UW3;
				GENERATE_INFOPLIST_FILE = YES;
				MARKETING_VERSION = 1.0;
				PRODUCT_BUNDLE_IDENTIFIER = com.hferrari.SocialMediaUITests;
				PRODUCT_NAME = "$(TARGET_NAME)";
				SWIFT_EMIT_LOC_STRINGS = NO;
				SWIFT_VERSION = 5.0;
				TARGETED_DEVICE_FAMILY = "1,2";
				TEST_TARGET_NAME = SocialMedia;
			};
			name = Release;
		};
/* End XCBuildConfiguration section */

/* Begin XCConfigurationList section */
		74CC57DF29D774F2006BF9B7 /* Build configuration list for PBXProject "SocialMedia" */ = {
			isa = XCConfigurationList;
			buildConfigurations = (
				74CC580629D774F5006BF9B7 /* Debug */,
				74CC580729D774F5006BF9B7 /* Release */,
			);
			defaultConfigurationIsVisible = 0;
			defaultConfigurationName = Release;
		};
		74CC580829D774F6006BF9B7 /* Build configuration list for PBXNativeTarget "SocialMedia" */ = {
			isa = XCConfigurationList;
			buildConfigurations = (
				74CC580929D774F6006BF9B7 /* Debug */,
				74CC580A29D774F6006BF9B7 /* Release */,
			);
			defaultConfigurationIsVisible = 0;
			defaultConfigurationName = Release;
		};
		74CC580B29D774F6006BF9B7 /* Build configuration list for PBXNativeTarget "SocialMediaTests" */ = {
			isa = XCConfigurationList;
			buildConfigurations = (
				74CC580C29D774F6006BF9B7 /* Debug */,
				74CC580D29D774F6006BF9B7 /* Release */,
			);
			defaultConfigurationIsVisible = 0;
			defaultConfigurationName = Release;
		};
		74CC580E29D774F6006BF9B7 /* Build configuration list for PBXNativeTarget "SocialMediaUITests" */ = {
			isa = XCConfigurationList;
			buildConfigurations = (
				74CC580F29D774F6006BF9B7 /* Debug */,
				74CC581029D774F6006BF9B7 /* Release */,
			);
			defaultConfigurationIsVisible = 0;
			defaultConfigurationName = Release;
		};
/* End XCConfigurationList section */
	};
	rootObject = 74CC57DC29D774F2006BF9B7 /* Project object */;
}
